// !$*UTF8*$!
{
	archiveVersion = 1;
	classes = {
	};
	objectVersion = 48;
	objects = {

/* Begin PBXBuildFile section */
		27AA06D11FBBC8E200833A56 /* AppDelegate.swift in Sources */ = {isa = PBXBuildFile; fileRef = 27AA06D01FBBC8E200833A56 /* AppDelegate.swift */; };
		27AA06D31FBBC8E200833A56 /* ViewController.swift in Sources */ = {isa = PBXBuildFile; fileRef = 27AA06D21FBBC8E200833A56 /* ViewController.swift */; };
		27AA06D61FBBC8E200833A56 /* Main.storyboard in Resources */ = {isa = PBXBuildFile; fileRef = 27AA06D41FBBC8E200833A56 /* Main.storyboard */; };
		27AA06D81FBBC8E200833A56 /* Assets.xcassets in Resources */ = {isa = PBXBuildFile; fileRef = 27AA06D71FBBC8E200833A56 /* Assets.xcassets */; };
		27AA06DB1FBBC8E200833A56 /* LaunchScreen.storyboard in Resources */ = {isa = PBXBuildFile; fileRef = 27AA06D91FBBC8E200833A56 /* LaunchScreen.storyboard */; };
		27AA06E61FBBC8E200833A56 /* BankingTests.swift in Sources */ = {isa = PBXBuildFile; fileRef = 27AA06E51FBBC8E200833A56 /* BankingTests.swift */; };
		27AA06F11FBBC8E200833A56 /* BankingUITests.swift in Sources */ = {isa = PBXBuildFile; fileRef = 27AA06F01FBBC8E200833A56 /* BankingUITests.swift */; };
		27AA06FF1FBBCBE100833A56 /* LoginViewController.swift in Sources */ = {isa = PBXBuildFile; fileRef = 27AA06FE1FBBCBE100833A56 /* LoginViewController.swift */; };
		27AA07051FBBD8FA00833A56 /* TransactionTableViewController.swift in Sources */ = {isa = PBXBuildFile; fileRef = 27AA07041FBBD8FA00833A56 /* TransactionTableViewController.swift */; };
		27AA070F1FBBEF9A00833A56 /* AccountsViewController.swift in Sources */ = {isa = PBXBuildFile; fileRef = 27AA070E1FBBEF9A00833A56 /* AccountsViewController.swift */; };
		27AA07511FBBF2E400833A56 /* GoogleService-Info.plist in Resources */ = {isa = PBXBuildFile; fileRef = 27AA07501FBBF2E400833A56 /* GoogleService-Info.plist */; };
		FFF5A392D9A7A1A3C6DD7DCF /* Pods_Banking.framework in Frameworks */ = {isa = PBXBuildFile; fileRef = 3BD63AAC1249CBEFDEC27C74 /* Pods_Banking.framework */; };
/* End PBXBuildFile section */

/* Begin PBXContainerItemProxy section */
		27AA06E21FBBC8E200833A56 /* PBXContainerItemProxy */ = {
			isa = PBXContainerItemProxy;
			containerPortal = 27AA06C51FBBC8E200833A56 /* Project object */;
			proxyType = 1;
			remoteGlobalIDString = 27AA06CC1FBBC8E200833A56;
			remoteInfo = Banking;
		};
		27AA06ED1FBBC8E200833A56 /* PBXContainerItemProxy */ = {
			isa = PBXContainerItemProxy;
			containerPortal = 27AA06C51FBBC8E200833A56 /* Project object */;
			proxyType = 1;
			remoteGlobalIDString = 27AA06CC1FBBC8E200833A56;
			remoteInfo = Banking;
		};
/* End PBXContainerItemProxy section */

/* Begin PBXFileReference section */
		27AA06CD1FBBC8E200833A56 /* Banking.app */ = {isa = PBXFileReference; explicitFileType = wrapper.application; includeInIndex = 0; path = Banking.app; sourceTree = BUILT_PRODUCTS_DIR; };
		27AA06D01FBBC8E200833A56 /* AppDelegate.swift */ = {isa = PBXFileReference; lastKnownFileType = sourcecode.swift; path = AppDelegate.swift; sourceTree = "<group>"; };
		27AA06D21FBBC8E200833A56 /* ViewController.swift */ = {isa = PBXFileReference; lastKnownFileType = sourcecode.swift; path = ViewController.swift; sourceTree = "<group>"; };
		27AA06D51FBBC8E200833A56 /* Base */ = {isa = PBXFileReference; lastKnownFileType = file.storyboard; name = Base; path = Base.lproj/Main.storyboard; sourceTree = "<group>"; };
		27AA06D71FBBC8E200833A56 /* Assets.xcassets */ = {isa = PBXFileReference; lastKnownFileType = folder.assetcatalog; path = Assets.xcassets; sourceTree = "<group>"; };
		27AA06DA1FBBC8E200833A56 /* Base */ = {isa = PBXFileReference; lastKnownFileType = file.storyboard; name = Base; path = Base.lproj/LaunchScreen.storyboard; sourceTree = "<group>"; };
		27AA06DC1FBBC8E200833A56 /* Info.plist */ = {isa = PBXFileReference; lastKnownFileType = text.plist.xml; path = Info.plist; sourceTree = "<group>"; };
		27AA06E11FBBC8E200833A56 /* BankingTests.xctest */ = {isa = PBXFileReference; explicitFileType = wrapper.cfbundle; includeInIndex = 0; path = BankingTests.xctest; sourceTree = BUILT_PRODUCTS_DIR; };
		27AA06E51FBBC8E200833A56 /* BankingTests.swift */ = {isa = PBXFileReference; lastKnownFileType = sourcecode.swift; path = BankingTests.swift; sourceTree = "<group>"; };
		27AA06E71FBBC8E200833A56 /* Info.plist */ = {isa = PBXFileReference; lastKnownFileType = text.plist.xml; path = Info.plist; sourceTree = "<group>"; };
		27AA06EC1FBBC8E200833A56 /* BankingUITests.xctest */ = {isa = PBXFileReference; explicitFileType = wrapper.cfbundle; includeInIndex = 0; path = BankingUITests.xctest; sourceTree = BUILT_PRODUCTS_DIR; };
		27AA06F01FBBC8E200833A56 /* BankingUITests.swift */ = {isa = PBXFileReference; lastKnownFileType = sourcecode.swift; path = BankingUITests.swift; sourceTree = "<group>"; };
		27AA06F21FBBC8E200833A56 /* Info.plist */ = {isa = PBXFileReference; lastKnownFileType = text.plist.xml; path = Info.plist; sourceTree = "<group>"; };
		27AA06FE1FBBCBE100833A56 /* LoginViewController.swift */ = {isa = PBXFileReference; lastKnownFileType = sourcecode.swift; path = LoginViewController.swift; sourceTree = "<group>"; };
		27AA07041FBBD8FA00833A56 /* TransactionTableViewController.swift */ = {isa = PBXFileReference; lastKnownFileType = sourcecode.swift; path = TransactionTableViewController.swift; sourceTree = "<group>"; };
		27AA070E1FBBEF9A00833A56 /* AccountsViewController.swift */ = {isa = PBXFileReference; lastKnownFileType = sourcecode.swift; path = AccountsViewController.swift; sourceTree = "<group>"; };
		27AA07501FBBF2E400833A56 /* GoogleService-Info.plist */ = {isa = PBXFileReference; fileEncoding = 4; lastKnownFileType = text.plist.xml; path = "GoogleService-Info.plist"; sourceTree = "<group>"; };
		3BD63AAC1249CBEFDEC27C74 /* Pods_Banking.framework */ = {isa = PBXFileReference; explicitFileType = wrapper.framework; includeInIndex = 0; path = Pods_Banking.framework; sourceTree = BUILT_PRODUCTS_DIR; };
		936A889714A8D1111F1B586F /* Pods-Banking.debug.xcconfig */ = {isa = PBXFileReference; includeInIndex = 1; lastKnownFileType = text.xcconfig; name = "Pods-Banking.debug.xcconfig"; path = "Pods/Target Support Files/Pods-Banking/Pods-Banking.debug.xcconfig"; sourceTree = "<group>"; };
		BC7F18CCD96B08EECA2A8B14 /* Pods-Banking.release.xcconfig */ = {isa = PBXFileReference; includeInIndex = 1; lastKnownFileType = text.xcconfig; name = "Pods-Banking.release.xcconfig"; path = "Pods/Target Support Files/Pods-Banking/Pods-Banking.release.xcconfig"; sourceTree = "<group>"; };
/* End PBXFileReference section */

/* Begin PBXFrameworksBuildPhase section */
		27AA06CA1FBBC8E200833A56 /* Frameworks */ = {
			isa = PBXFrameworksBuildPhase;
			buildActionMask = 2147483647;
			files = (
				FFF5A392D9A7A1A3C6DD7DCF /* Pods_Banking.framework in Frameworks */,
			);
			runOnlyForDeploymentPostprocessing = 0;
		};
		27AA06DE1FBBC8E200833A56 /* Frameworks */ = {
			isa = PBXFrameworksBuildPhase;
			buildActionMask = 2147483647;
			files = (
			);
			runOnlyForDeploymentPostprocessing = 0;
		};
		27AA06E91FBBC8E200833A56 /* Frameworks */ = {
			isa = PBXFrameworksBuildPhase;
			buildActionMask = 2147483647;
			files = (
			);
			runOnlyForDeploymentPostprocessing = 0;
		};
/* End PBXFrameworksBuildPhase section */

/* Begin PBXGroup section */
		02FAE21E7F28CCB2ECE872CA /* Pods */ = {
			isa = PBXGroup;
			children = (
				936A889714A8D1111F1B586F /* Pods-Banking.debug.xcconfig */,
				BC7F18CCD96B08EECA2A8B14 /* Pods-Banking.release.xcconfig */,
			);
			name = Pods;
			sourceTree = "<group>";
		};
		27AA06C41FBBC8E200833A56 = {
			isa = PBXGroup;
			children = (
				27AA06CF1FBBC8E200833A56 /* Banking */,
				27AA06E41FBBC8E200833A56 /* BankingTests */,
				27AA06EF1FBBC8E200833A56 /* BankingUITests */,
				27AA06CE1FBBC8E200833A56 /* Products */,
				02FAE21E7F28CCB2ECE872CA /* Pods */,
				E080FA3E09EA0D42A4D4875C /* Frameworks */,
			);
			sourceTree = "<group>";
		};
		27AA06CE1FBBC8E200833A56 /* Products */ = {
			isa = PBXGroup;
			children = (
				27AA06CD1FBBC8E200833A56 /* Banking.app */,
				27AA06E11FBBC8E200833A56 /* BankingTests.xctest */,
				27AA06EC1FBBC8E200833A56 /* BankingUITests.xctest */,
			);
			name = Products;
			sourceTree = "<group>";
		};
		27AA06CF1FBBC8E200833A56 /* Banking */ = {
			isa = PBXGroup;
			children = (
				27AA07501FBBF2E400833A56 /* GoogleService-Info.plist */,
				27AA06D01FBBC8E200833A56 /* AppDelegate.swift */,
				27AA06D21FBBC8E200833A56 /* ViewController.swift */,
				27AA06D41FBBC8E200833A56 /* Main.storyboard */,
				27AA06D71FBBC8E200833A56 /* Assets.xcassets */,
				27AA06D91FBBC8E200833A56 /* LaunchScreen.storyboard */,
				27AA06DC1FBBC8E200833A56 /* Info.plist */,
				27AA06FE1FBBCBE100833A56 /* LoginViewController.swift */,
				27AA07041FBBD8FA00833A56 /* TransactionTableViewController.swift */,
				27AA070E1FBBEF9A00833A56 /* AccountsViewController.swift */,
			);
			path = Banking;
			sourceTree = "<group>";
		};
		27AA06E41FBBC8E200833A56 /* BankingTests */ = {
			isa = PBXGroup;
			children = (
				27AA06E51FBBC8E200833A56 /* BankingTests.swift */,
				27AA06E71FBBC8E200833A56 /* Info.plist */,
			);
			path = BankingTests;
			sourceTree = "<group>";
		};
		27AA06EF1FBBC8E200833A56 /* BankingUITests */ = {
			isa = PBXGroup;
			children = (
				27AA06F01FBBC8E200833A56 /* BankingUITests.swift */,
				27AA06F21FBBC8E200833A56 /* Info.plist */,
			);
			path = BankingUITests;
			sourceTree = "<group>";
		};
		E080FA3E09EA0D42A4D4875C /* Frameworks */ = {
			isa = PBXGroup;
			children = (
				3BD63AAC1249CBEFDEC27C74 /* Pods_Banking.framework */,
			);
			name = Frameworks;
			sourceTree = "<group>";
		};
/* End PBXGroup section */

/* Begin PBXNativeTarget section */
		27AA06CC1FBBC8E200833A56 /* Banking */ = {
			isa = PBXNativeTarget;
			buildConfigurationList = 27AA06F51FBBC8E200833A56 /* Build configuration list for PBXNativeTarget "Banking" */;
			buildPhases = (
				0C29D32EB6BAA48247E70AC9 /* [CP] Check Pods Manifest.lock */,
				27AA06C91FBBC8E200833A56 /* Sources */,
				27AA06CA1FBBC8E200833A56 /* Frameworks */,
				27AA06CB1FBBC8E200833A56 /* Resources */,
				3B2A3A745605D70CDB6D0031 /* [CP] Embed Pods Frameworks */,
				5605AB3FEA5A2418CB7E0E54 /* [CP] Copy Pods Resources */,
			);
			buildRules = (
			);
			dependencies = (
			);
			name = Banking;
			productName = Banking;
			productReference = 27AA06CD1FBBC8E200833A56 /* Banking.app */;
			productType = "com.apple.product-type.application";
		};
		27AA06E01FBBC8E200833A56 /* BankingTests */ = {
			isa = PBXNativeTarget;
			buildConfigurationList = 27AA06F81FBBC8E200833A56 /* Build configuration list for PBXNativeTarget "BankingTests" */;
			buildPhases = (
				27AA06DD1FBBC8E200833A56 /* Sources */,
				27AA06DE1FBBC8E200833A56 /* Frameworks */,
				27AA06DF1FBBC8E200833A56 /* Resources */,
			);
			buildRules = (
			);
			dependencies = (
				27AA06E31FBBC8E200833A56 /* PBXTargetDependency */,
			);
			name = BankingTests;
			productName = BankingTests;
			productReference = 27AA06E11FBBC8E200833A56 /* BankingTests.xctest */;
			productType = "com.apple.product-type.bundle.unit-test";
		};
		27AA06EB1FBBC8E200833A56 /* BankingUITests */ = {
			isa = PBXNativeTarget;
			buildConfigurationList = 27AA06FB1FBBC8E200833A56 /* Build configuration list for PBXNativeTarget "BankingUITests" */;
			buildPhases = (
				27AA06E81FBBC8E200833A56 /* Sources */,
				27AA06E91FBBC8E200833A56 /* Frameworks */,
				27AA06EA1FBBC8E200833A56 /* Resources */,
			);
			buildRules = (
			);
			dependencies = (
				27AA06EE1FBBC8E200833A56 /* PBXTargetDependency */,
			);
			name = BankingUITests;
			productName = BankingUITests;
			productReference = 27AA06EC1FBBC8E200833A56 /* BankingUITests.xctest */;
			productType = "com.apple.product-type.bundle.ui-testing";
		};
/* End PBXNativeTarget section */

/* Begin PBXProject section */
		27AA06C51FBBC8E200833A56 /* Project object */ = {
			isa = PBXProject;
			attributes = {
				LastSwiftUpdateCheck = 0910;
				LastUpgradeCheck = 0910;
				ORGANIZATIONNAME = "chengen Zheng";
				TargetAttributes = {
					27AA06CC1FBBC8E200833A56 = {
						CreatedOnToolsVersion = 9.1;
						ProvisioningStyle = Automatic;
					};
					27AA06E01FBBC8E200833A56 = {
						CreatedOnToolsVersion = 9.1;
						ProvisioningStyle = Automatic;
						TestTargetID = 27AA06CC1FBBC8E200833A56;
					};
					27AA06EB1FBBC8E200833A56 = {
						CreatedOnToolsVersion = 9.1;
						ProvisioningStyle = Automatic;
						TestTargetID = 27AA06CC1FBBC8E200833A56;
					};
				};
			};
			buildConfigurationList = 27AA06C81FBBC8E200833A56 /* Build configuration list for PBXProject "Banking" */;
			compatibilityVersion = "Xcode 8.0";
			developmentRegion = en;
			hasScannedForEncodings = 0;
			knownRegions = (
				en,
				Base,
			);
			mainGroup = 27AA06C41FBBC8E200833A56;
			productRefGroup = 27AA06CE1FBBC8E200833A56 /* Products */;
			projectDirPath = "";
			projectRoot = "";
			targets = (
				27AA06CC1FBBC8E200833A56 /* Banking */,
				27AA06E01FBBC8E200833A56 /* BankingTests */,
				27AA06EB1FBBC8E200833A56 /* BankingUITests */,
			);
		};
/* End PBXProject section */

/* Begin PBXResourcesBuildPhase section */
		27AA06CB1FBBC8E200833A56 /* Resources */ = {
			isa = PBXResourcesBuildPhase;
			buildActionMask = 2147483647;
			files = (
				27AA06DB1FBBC8E200833A56 /* LaunchScreen.storyboard in Resources */,
				27AA07511FBBF2E400833A56 /* GoogleService-Info.plist in Resources */,
				27AA06D81FBBC8E200833A56 /* Assets.xcassets in Resources */,
				27AA06D61FBBC8E200833A56 /* Main.storyboard in Resources */,
			);
			runOnlyForDeploymentPostprocessing = 0;
		};
		27AA06DF1FBBC8E200833A56 /* Resources */ = {
			isa = PBXResourcesBuildPhase;
			buildActionMask = 2147483647;
			files = (
			);
			runOnlyForDeploymentPostprocessing = 0;
		};
		27AA06EA1FBBC8E200833A56 /* Resources */ = {
			isa = PBXResourcesBuildPhase;
			buildActionMask = 2147483647;
			files = (
			);
			runOnlyForDeploymentPostprocessing = 0;
		};
/* End PBXResourcesBuildPhase section */

/* Begin PBXShellScriptBuildPhase section */
		0C29D32EB6BAA48247E70AC9 /* [CP] Check Pods Manifest.lock */ = {
			isa = PBXShellScriptBuildPhase;
			buildActionMask = 2147483647;
			files = (
			);
			inputPaths = (
				"${PODS_PODFILE_DIR_PATH}/Podfile.lock",
				"${PODS_ROOT}/Manifest.lock",
			);
			name = "[CP] Check Pods Manifest.lock";
			outputPaths = (
				"$(DERIVED_FILE_DIR)/Pods-Banking-checkManifestLockResult.txt",
			);
			runOnlyForDeploymentPostprocessing = 0;
			shellPath = /bin/sh;
			shellScript = "diff \"${PODS_PODFILE_DIR_PATH}/Podfile.lock\" \"${PODS_ROOT}/Manifest.lock\" > /dev/null\nif [ $? != 0 ] ; then\n    # print error to STDERR\n    echo \"error: The sandbox is not in sync with the Podfile.lock. Run 'pod install' or update your CocoaPods installation.\" >&2\n    exit 1\nfi\n# This output is used by Xcode 'outputs' to avoid re-running this script phase.\necho \"SUCCESS\" > \"${SCRIPT_OUTPUT_FILE_0}\"\n";
			showEnvVarsInLog = 0;
		};
		3B2A3A745605D70CDB6D0031 /* [CP] Embed Pods Frameworks */ = {
			isa = PBXShellScriptBuildPhase;
			buildActionMask = 2147483647;
			files = (
			);
			inputPaths = (
				"${SRCROOT}/Pods/Target Support Files/Pods-Banking/Pods-Banking-frameworks.sh",
				"${BUILT_PRODUCTS_DIR}/ChameleonFramework/ChameleonFramework.framework",
				"${BUILT_PRODUCTS_DIR}/GTMSessionFetcher/GTMSessionFetcher.framework",
				"${BUILT_PRODUCTS_DIR}/GoogleToolboxForMac/GoogleToolboxForMac.framework",
				"${BUILT_PRODUCTS_DIR}/Protobuf/Protobuf.framework",
				"${BUILT_PRODUCTS_DIR}/leveldb-library/leveldb.framework",
				"${BUILT_PRODUCTS_DIR}/nanopb/nanopb.framework",
			);
			name = "[CP] Embed Pods Frameworks";
			outputPaths = (
				"${TARGET_BUILD_DIR}/${FRAMEWORKS_FOLDER_PATH}/ChameleonFramework.framework",
				"${TARGET_BUILD_DIR}/${FRAMEWORKS_FOLDER_PATH}/GTMSessionFetcher.framework",
				"${TARGET_BUILD_DIR}/${FRAMEWORKS_FOLDER_PATH}/GoogleToolboxForMac.framework",
				"${TARGET_BUILD_DIR}/${FRAMEWORKS_FOLDER_PATH}/Protobuf.framework",
				"${TARGET_BUILD_DIR}/${FRAMEWORKS_FOLDER_PATH}/leveldb.framework",
				"${TARGET_BUILD_DIR}/${FRAMEWORKS_FOLDER_PATH}/nanopb.framework",
			);
			runOnlyForDeploymentPostprocessing = 0;
			shellPath = /bin/sh;
			shellScript = "\"${SRCROOT}/Pods/Target Support Files/Pods-Banking/Pods-Banking-frameworks.sh\"\n";
			showEnvVarsInLog = 0;
		};
		5605AB3FEA5A2418CB7E0E54 /* [CP] Copy Pods Resources */ = {
			isa = PBXShellScriptBuildPhase;
			buildActionMask = 2147483647;
			files = (
			);
			inputPaths = (
			);
			name = "[CP] Copy Pods Resources";
			outputPaths = (
			);
			runOnlyForDeploymentPostprocessing = 0;
			shellPath = /bin/sh;
			shellScript = "\"${SRCROOT}/Pods/Target Support Files/Pods-Banking/Pods-Banking-resources.sh\"\n";
			showEnvVarsInLog = 0;
		};
/* End PBXShellScriptBuildPhase section */

/* Begin PBXSourcesBuildPhase section */
		27AA06C91FBBC8E200833A56 /* Sources */ = {
			isa = PBXSourcesBuildPhase;
			buildActionMask = 2147483647;
			files = (
				27AA06FF1FBBCBE100833A56 /* LoginViewController.swift in Sources */,
				27AA06D31FBBC8E200833A56 /* ViewController.swift in Sources */,
				27AA070F1FBBEF9A00833A56 /* AccountsViewController.swift in Sources */,
				27AA06D11FBBC8E200833A56 /* AppDelegate.swift in Sources */,
				27AA07051FBBD8FA00833A56 /* TransactionTableViewController.swift in Sources */,
			);
			runOnlyForDeploymentPostprocessing = 0;
		};
		27AA06DD1FBBC8E200833A56 /* Sources */ = {
			isa = PBXSourcesBuildPhase;
			buildActionMask = 2147483647;
			files = (
				27AA06E61FBBC8E200833A56 /* BankingTests.swift in Sources */,
			);
			runOnlyForDeploymentPostprocessing = 0;
		};
		27AA06E81FBBC8E200833A56 /* Sources */ = {
			isa = PBXSourcesBuildPhase;
			buildActionMask = 2147483647;
			files = (
				27AA06F11FBBC8E200833A56 /* BankingUITests.swift in Sources */,
			);
			runOnlyForDeploymentPostprocessing = 0;
		};
/* End PBXSourcesBuildPhase section */

/* Begin PBXTargetDependency section */
		27AA06E31FBBC8E200833A56 /* PBXTargetDependency */ = {
			isa = PBXTargetDependency;
			target = 27AA06CC1FBBC8E200833A56 /* Banking */;
			targetProxy = 27AA06E21FBBC8E200833A56 /* PBXContainerItemProxy */;
		};
		27AA06EE1FBBC8E200833A56 /* PBXTargetDependency */ = {
			isa = PBXTargetDependency;
			target = 27AA06CC1FBBC8E200833A56 /* Banking */;
			targetProxy = 27AA06ED1FBBC8E200833A56 /* PBXContainerItemProxy */;
		};
/* End PBXTargetDependency section */

/* Begin PBXVariantGroup section */
		27AA06D41FBBC8E200833A56 /* Main.storyboard */ = {
			isa = PBXVariantGroup;
			children = (
				27AA06D51FBBC8E200833A56 /* Base */,
			);
			name = Main.storyboard;
			sourceTree = "<group>";
		};
		27AA06D91FBBC8E200833A56 /* LaunchScreen.storyboard */ = {
			isa = PBXVariantGroup;
			children = (
				27AA06DA1FBBC8E200833A56 /* Base */,
			);
			name = LaunchScreen.storyboard;
			sourceTree = "<group>";
		};
/* End PBXVariantGroup section */

/* Begin XCBuildConfiguration section */
		27AA06F31FBBC8E200833A56 /* Debug */ = {
			isa = XCBuildConfiguration;
			buildSettings = {
				ALWAYS_SEARCH_USER_PATHS = NO;
				CLANG_ANALYZER_NONNULL = YES;
				CLANG_ANALYZER_NUMBER_OBJECT_CONVERSION = YES_AGGRESSIVE;
				CLANG_CXX_LANGUAGE_STANDARD = "gnu++14";
				CLANG_CXX_LIBRARY = "libc++";
				CLANG_ENABLE_MODULES = YES;
				CLANG_ENABLE_OBJC_ARC = YES;
				CLANG_WARN_BLOCK_CAPTURE_AUTORELEASING = YES;
				CLANG_WARN_BOOL_CONVERSION = YES;
				CLANG_WARN_COMMA = YES;
				CLANG_WARN_CONSTANT_CONVERSION = YES;
				CLANG_WARN_DIRECT_OBJC_ISA_USAGE = YES_ERROR;
				CLANG_WARN_DOCUMENTATION_COMMENTS = YES;
				CLANG_WARN_EMPTY_BODY = YES;
				CLANG_WARN_ENUM_CONVERSION = YES;
				CLANG_WARN_INFINITE_RECURSION = YES;
				CLANG_WARN_INT_CONVERSION = YES;
				CLANG_WARN_NON_LITERAL_NULL_CONVERSION = YES;
				CLANG_WARN_OBJC_LITERAL_CONVERSION = YES;
				CLANG_WARN_OBJC_ROOT_CLASS = YES_ERROR;
				CLANG_WARN_RANGE_LOOP_ANALYSIS = YES;
				CLANG_WARN_STRICT_PROTOTYPES = YES;
				CLANG_WARN_SUSPICIOUS_MOVE = YES;
				CLANG_WARN_UNGUARDED_AVAILABILITY = YES_AGGRESSIVE;
				CLANG_WARN_UNREACHABLE_CODE = YES;
				CLANG_WARN__DUPLICATE_METHOD_MATCH = YES;
				CODE_SIGN_IDENTITY = "iPhone Developer";
				COPY_PHASE_STRIP = NO;
				DEBUG_INFORMATION_FORMAT = dwarf;
				ENABLE_STRICT_OBJC_MSGSEND = YES;
				ENABLE_TESTABILITY = YES;
				GCC_C_LANGUAGE_STANDARD = gnu11;
				GCC_DYNAMIC_NO_PIC = NO;
				GCC_NO_COMMON_BLOCKS = YES;
				GCC_OPTIMIZATION_LEVEL = 0;
				GCC_PREPROCESSOR_DEFINITIONS = (
					"DEBUG=1",
					"$(inherited)",
				);
				GCC_WARN_64_TO_32_BIT_CONVERSION = YES;
				GCC_WARN_ABOUT_RETURN_TYPE = YES_ERROR;
				GCC_WARN_UNDECLARED_SELECTOR = YES;
				GCC_WARN_UNINITIALIZED_AUTOS = YES_AGGRESSIVE;
				GCC_WARN_UNUSED_FUNCTION = YES;
				GCC_WARN_UNUSED_VARIABLE = YES;
				IPHONEOS_DEPLOYMENT_TARGET = 11.1;
				MTL_ENABLE_DEBUG_INFO = YES;
				ONLY_ACTIVE_ARCH = YES;
				SDKROOT = iphoneos;
				SWIFT_ACTIVE_COMPILATION_CONDITIONS = DEBUG;
				SWIFT_OPTIMIZATION_LEVEL = "-Onone";
			};
			name = Debug;
		};
		27AA06F41FBBC8E200833A56 /* Release */ = {
			isa = XCBuildConfiguration;
			buildSettings = {
				ALWAYS_SEARCH_USER_PATHS = NO;
				CLANG_ANALYZER_NONNULL = YES;
				CLANG_ANALYZER_NUMBER_OBJECT_CONVERSION = YES_AGGRESSIVE;
				CLANG_CXX_LANGUAGE_STANDARD = "gnu++14";
				CLANG_CXX_LIBRARY = "libc++";
				CLANG_ENABLE_MODULES = YES;
				CLANG_ENABLE_OBJC_ARC = YES;
				CLANG_WARN_BLOCK_CAPTURE_AUTORELEASING = YES;
				CLANG_WARN_BOOL_CONVERSION = YES;
				CLANG_WARN_COMMA = YES;
				CLANG_WARN_CONSTANT_CONVERSION = YES;
				CLANG_WARN_DIRECT_OBJC_ISA_USAGE = YES_ERROR;
				CLANG_WARN_DOCUMENTATION_COMMENTS = YES;
				CLANG_WARN_EMPTY_BODY = YES;
				CLANG_WARN_ENUM_CONVERSION = YES;
				CLANG_WARN_INFINITE_RECURSION = YES;
				CLANG_WARN_INT_CONVERSION = YES;
				CLANG_WARN_NON_LITERAL_NULL_CONVERSION = YES;
				CLANG_WARN_OBJC_LITERAL_CONVERSION = YES;
				CLANG_WARN_OBJC_ROOT_CLASS = YES_ERROR;
				CLANG_WARN_RANGE_LOOP_ANALYSIS = YES;
				CLANG_WARN_STRICT_PROTOTYPES = YES;
				CLANG_WARN_SUSPICIOUS_MOVE = YES;
				CLANG_WARN_UNGUARDED_AVAILABILITY = YES_AGGRESSIVE;
				CLANG_WARN_UNREACHABLE_CODE = YES;
				CLANG_WARN__DUPLICATE_METHOD_MATCH = YES;
				CODE_SIGN_IDENTITY = "iPhone Developer";
				COPY_PHASE_STRIP = NO;
				DEBUG_INFORMATION_FORMAT = "dwarf-with-dsym";
				ENABLE_NS_ASSERTIONS = NO;
				ENABLE_STRICT_OBJC_MSGSEND = YES;
				GCC_C_LANGUAGE_STANDARD = gnu11;
				GCC_NO_COMMON_BLOCKS = YES;
				GCC_WARN_64_TO_32_BIT_CONVERSION = YES;
				GCC_WARN_ABOUT_RETURN_TYPE = YES_ERROR;
				GCC_WARN_UNDECLARED_SELECTOR = YES;
				GCC_WARN_UNINITIALIZED_AUTOS = YES_AGGRESSIVE;
				GCC_WARN_UNUSED_FUNCTION = YES;
				GCC_WARN_UNUSED_VARIABLE = YES;
				IPHONEOS_DEPLOYMENT_TARGET = 11.1;
				MTL_ENABLE_DEBUG_INFO = NO;
				SDKROOT = iphoneos;
				SWIFT_OPTIMIZATION_LEVEL = "-Owholemodule";
				VALIDATE_PRODUCT = YES;
			};
			name = Release;
		};
		27AA06F61FBBC8E200833A56 /* Debug */ = {
			isa = XCBuildConfiguration;
			baseConfigurationReference = 936A889714A8D1111F1B586F /* Pods-Banking.debug.xcconfig */;
			buildSettings = {
				ASSETCATALOG_COMPILER_APPICON_NAME = AppIcon;
				CODE_SIGN_STYLE = Automatic;
				INFOPLIST_FILE = Banking/Info.plist;
				LD_RUNPATH_SEARCH_PATHS = "$(inherited) @executable_path/Frameworks";
				PRODUCT_BUNDLE_IDENTIFIER = "chengen-zheng.Banking";
				PRODUCT_NAME = "$(TARGET_NAME)";
				SWIFT_VERSION = 4.0;
				TARGETED_DEVICE_FAMILY = "1,2";
			};
			name = Debug;
		};
		27AA06F71FBBC8E200833A56 /* Release */ = {
			isa = XCBuildConfiguration;
			baseConfigurationReference = BC7F18CCD96B08EECA2A8B14 /* Pods-Banking.release.xcconfig */;
			buildSettings = {
				ASSETCATALOG_COMPILER_APPICON_NAME = AppIcon;
				CODE_SIGN_STYLE = Automatic;
				INFOPLIST_FILE = Banking/Info.plist;
				LD_RUNPATH_SEARCH_PATHS = "$(inherited) @executable_path/Frameworks";
				PRODUCT_BUNDLE_IDENTIFIER = "chengen-zheng.Banking";
				PRODUCT_NAME = "$(TARGET_NAME)";
				SWIFT_VERSION = 4.0;
				TARGETED_DEVICE_FAMILY = "1,2";
			};
			name = Release;
		};
		27AA06F91FBBC8E200833A56 /* Debug */ = {
			isa = XCBuildConfiguration;
			buildSettings = {
				ALWAYS_EMBED_SWIFT_STANDARD_LIBRARIES = YES;
				BUNDLE_LOADER = "$(TEST_HOST)";
				CODE_SIGN_STYLE = Automatic;
				INFOPLIST_FILE = BankingTests/Info.plist;
				LD_RUNPATH_SEARCH_PATHS = "$(inherited) @executable_path/Frameworks @loader_path/Frameworks";
				PRODUCT_BUNDLE_IDENTIFIER = "chengen-zheng.BankingTests";
				PRODUCT_NAME = "$(TARGET_NAME)";
				SWIFT_VERSION = 4.0;
				TARGETED_DEVICE_FAMILY = "1,2";
				TEST_HOST = "$(BUILT_PRODUCTS_DIR)/Banking.app/Banking";
			};
			name = Debug;
		};
		27AA06FA1FBBC8E200833A56 /* Release */ = {
			isa = XCBuildConfiguration;
			buildSettings = {
				ALWAYS_EMBED_SWIFT_STANDARD_LIBRARIES = YES;
				BUNDLE_LOADER = "$(TEST_HOST)";
				CODE_SIGN_STYLE = Automatic;
				INFOPLIST_FILE = BankingTests/Info.plist;
				LD_RUNPATH_SEARCH_PATHS = "$(inherited) @executable_path/Frameworks @loader_path/Frameworks";
				PRODUCT_BUNDLE_IDENTIFIER = "chengen-zheng.BankingTests";
				PRODUCT_NAME = "$(TARGET_NAME)";
				SWIFT_VERSION = 4.0;
				TARGETED_DEVICE_FAMILY = "1,2";
				TEST_HOST = "$(BUILT_PRODUCTS_DIR)/Banking.app/Banking";
			};
			name = Release;
		};
		27AA06FC1FBBC8E200833A56 /* Debug */ = {
			isa = XCBuildConfiguration;
			buildSettings = {
				ALWAYS_EMBED_SWIFT_STANDARD_LIBRARIES = YES;
				CODE_SIGN_STYLE = Automatic;
				INFOPLIST_FILE = BankingUITests/Info.plist;
				LD_RUNPATH_SEARCH_PATHS = "$(inherited) @executable_path/Frameworks @loader_path/Frameworks";
				PRODUCT_BUNDLE_IDENTIFIER = "chengen-zheng.BankingUITests";
				PRODUCT_NAME = "$(TARGET_NAME)";
				SWIFT_VERSION = 4.0;
				TARGETED_DEVICE_FAMILY = "1,2";
				TEST_TARGET_NAME = Banking;
			};
			name = Debug;
		};
		27AA06FD1FBBC8E200833A56 /* Release */ = {
			isa = XCBuildConfiguration;
			buildSettings = {
				ALWAYS_EMBED_SWIFT_STANDARD_LIBRARIES = YES;
				CODE_SIGN_STYLE = Automatic;
				INFOPLIST_FILE = BankingUITests/Info.plist;
				LD_RUNPATH_SEARCH_PATHS = "$(inherited) @executable_path/Frameworks @loader_path/Frameworks";
				PRODUCT_BUNDLE_IDENTIFIER = "chengen-zheng.BankingUITests";
				PRODUCT_NAME = "$(TARGET_NAME)";
				SWIFT_VERSION = 4.0;
				TARGETED_DEVICE_FAMILY = "1,2";
				TEST_TARGET_NAME = Banking;
			};
			name = Release;
		};
/* End XCBuildConfiguration section */

/* Begin XCConfigurationList section */
		27AA06C81FBBC8E200833A56 /* Build configuration list for PBXProject "Banking" */ = {
			isa = XCConfigurationList;
			buildConfigurations = (
				27AA06F31FBBC8E200833A56 /* Debug */,
				27AA06F41FBBC8E200833A56 /* Release */,
			);
			defaultConfigurationIsVisible = 0;
			defaultConfigurationName = Release;
		};
		27AA06F51FBBC8E200833A56 /* Build configuration list for PBXNativeTarget "Banking" */ = {
			isa = XCConfigurationList;
			buildConfigurations = (
				27AA06F61FBBC8E200833A56 /* Debug */,
				27AA06F71FBBC8E200833A56 /* Release */,
			);
			defaultConfigurationIsVisible = 0;
			defaultConfigurationName = Release;
		};
		27AA06F81FBBC8E200833A56 /* Build configuration list for PBXNativeTarget "BankingTests" */ = {
			isa = XCConfigurationList;
			buildConfigurations = (
				27AA06F91FBBC8E200833A56 /* Debug */,
				27AA06FA1FBBC8E200833A56 /* Release */,
			);
			defaultConfigurationIsVisible = 0;
			defaultConfigurationName = Release;
		};
		27AA06FB1FBBC8E200833A56 /* Build configuration list for PBXNativeTarget "BankingUITests" */ = {
			isa = XCConfigurationList;
			buildConfigurations = (
				27AA06FC1FBBC8E200833A56 /* Debug */,
				27AA06FD1FBBC8E200833A56 /* Release */,
			);
			defaultConfigurationIsVisible = 0;
			defaultConfigurationName = Release;
		};
/* End XCConfigurationList section */
	};
	rootObject = 27AA06C51FBBC8E200833A56 /* Project object */;
}
